
Microsoft Visual Studio Solution File, Format Version 12.00
# Visual Studio Version 17
VisualStudioVersion = 17.3.32922.545
MinimumVisualStudioVersion = 10.0.40219.1
Project("{FAE04EC0-301F-11D3-BF4B-00C04F79EFBC}") = "Aula1", "Aula1.csproj", "{82CF0129-B047-4F8A-863F-4039FD119C5B}"
EndProject
Global
	GlobalSection(SolutionConfigurationPlatforms) = preSolution
		Debug|Any CPU = Debug|Any CPU
		Release|Any CPU = Release|Any CPU
	EndGlobalSection
	GlobalSection(ProjectConfigurationPlatforms) = postSolution
		{82CF0129-B047-4F8A-863F-4039FD119C5B}.Debug|Any CPU.ActiveCfg = Debug|Any CPU
		{82CF0129-B047-4F8A-863F-4039FD119C5B}.Debug|Any CPU.Build.0 = Debug|Any CPU
		{82CF0129-B047-4F8A-863F-4039FD119C5B}.Release|Any CPU.ActiveCfg = Release|Any CPU
		{82CF0129-B047-4F8A-863F-4039FD119C5B}.Release|Any CPU.Build.0 = Release|Any CPU
	EndGlobalSection
	GlobalSection(SolutionProperties) = preSolution
		HideSolutionNode = FALSE
	EndGlobalSection
	GlobalSection(ExtensibilityGlobals) = postSolution
		SolutionGuid = {E2ECD4AE-22E5-4C5E-AA5F-E94ECD2269B8}
	EndGlobalSection
EndGlobal
